
Microsoft Visual Studio Solution File, Format Version 12.00
# Visual Studio Version 18
VisualStudioVersion = 18.0.11222.15
MinimumVisualStudioVersion = 10.0.40219.1
Project("{2150E333-8FDC-42A3-9474-1A3956D46DE8}") = "src", "src", "{1BA9DB0A-8961-4AA1-BB81-F8C2820FCB52}"
EndProject
Project("{2150E333-8FDC-42A3-9474-1A3956D46DE8}") = "tests", "tests", "{699E6411-C1FC-49BC-8853-66CDCB0B863A}"
EndProject
Project("{FAE04EC0-301F-11D3-BF4B-00C04F79EFBC}") = "Krosoft.Extensions.Jobs", "src\Krosoft.Extensions.Jobs\Krosoft.Extensions.Jobs.csproj", "{1393FDF5-A5DC-5AA1-C60E-315F2670E85C}"
EndProject
Project("{FAE04EC0-301F-11D3-BF4B-00C04F79EFBC}") = "Krosoft.Extensions.Jobs.Hangfire", "src\Krosoft.Extensions.Jobs.Hangfire\Krosoft.Extensions.Jobs.Hangfire.csproj", "{5E824E23-E226-4A0B-CC88-1B431D7E41AA}"
EndProject
Project("{FAE04EC0-301F-11D3-BF4B-00C04F79EFBC}") = "Krosoft.Extensions.Jobs.Tests", "tests\Krosoft.Extensions.Jobs.Tests\Krosoft.Extensions.Jobs.Tests.csproj", "{070EC8D0-6CD4-4BAA-D863-CB01D55DC740}"
EndProject
Project("{FAE04EC0-301F-11D3-BF4B-00C04F79EFBC}") = "Krosoft.Extensions.Jobs.Hangfire.Tests", "tests\Krosoft.Extensions.Jobs.Hangfire.Tests\Krosoft.Extensions.Jobs.Hangfire.Tests.csproj", "{8242737D-5BDC-45D1-B7E9-F87505C2D5AA}"
EndProject
Project("{FAE04EC0-301F-11D3-BF4B-00C04F79EFBC}") = "Krosoft.Extensions.Samples.DotNet9.Api", "samples\Krosoft.Extensions.Samples.DotNet9.Api\Krosoft.Extensions.Samples.DotNet9.Api.csproj", "{1A0ACD2C-B723-EFB4-460D-56A46152AB28}"
EndProject
Project("{2150E333-8FDC-42A3-9474-1A3956D46DE8}") = "samples", "samples", "{02EA681E-C7D8-13C7-8484-4AC65E1B71E8}"
EndProject
Project("{FAE04EC0-301F-11D3-BF4B-00C04F79EFBC}") = "Krosoft.Extensions.Samples.DotNet9.Api.Tests", "tests\Krosoft.Extensions.Samples.DotNet9.Api.Tests\Krosoft.Extensions.Samples.DotNet9.Api.Tests.csproj", "{FDF7A4FE-F653-3555-A530-EC1036D3CF18}"
EndProject
Project("{FAE04EC0-301F-11D3-BF4B-00C04F79EFBC}") = "Krosoft.Extensions.Jobs.Hangfire.Storage.Redis", "src\Krosoft.Extensions.Jobs.Hangfire.Storage.Redis\Krosoft.Extensions.Jobs.Hangfire.Storage.Redis.csproj", "{1D5D13B0-7571-4CB1-B56D-B5CABC0FCF17}"
EndProject
Project("{FAE04EC0-301F-11D3-BF4B-00C04F79EFBC}") = "Krosoft.Extensions.Jobs.Hangfire.Storage.InMemory", "src\Krosoft.Extensions.Jobs.Hangfire.Storage.InMemory\Krosoft.Extensions.Jobs.Hangfire.Storage.InMemory.csproj", "{048DF8BB-B3B0-4DAE-81B7-67F6DDD1E787}"
EndProject
Project("{E53339B2-1760-4266-BCC7-CA923CBCF16C}") = "docker-compose", "samples\docker-compose\docker-compose.dcproj", "{F7EF3B40-7C46-4A58-B5DC-9E765C39DC00}"
EndProject
Global
	GlobalSection(SolutionConfigurationPlatforms) = preSolution
		Debug|Any CPU = Debug|Any CPU
		Release|Any CPU = Release|Any CPU
	EndGlobalSection
	GlobalSection(ProjectConfigurationPlatforms) = postSolution
		{1393FDF5-A5DC-5AA1-C60E-315F2670E85C}.Debug|Any CPU.ActiveCfg = Debug|Any CPU
		{1393FDF5-A5DC-5AA1-C60E-315F2670E85C}.Debug|Any CPU.Build.0 = Debug|Any CPU
		{1393FDF5-A5DC-5AA1-C60E-315F2670E85C}.Release|Any CPU.ActiveCfg = Release|Any CPU
		{1393FDF5-A5DC-5AA1-C60E-315F2670E85C}.Release|Any CPU.Build.0 = Release|Any CPU
		{5E824E23-E226-4A0B-CC88-1B431D7E41AA}.Debug|Any CPU.ActiveCfg = Debug|Any CPU
		{5E824E23-E226-4A0B-CC88-1B431D7E41AA}.Debug|Any CPU.Build.0 = Debug|Any CPU
		{5E824E23-E226-4A0B-CC88-1B431D7E41AA}.Release|Any CPU.ActiveCfg = Release|Any CPU
		{5E824E23-E226-4A0B-CC88-1B431D7E41AA}.Release|Any CPU.Build.0 = Release|Any CPU
		{070EC8D0-6CD4-4BAA-D863-CB01D55DC740}.Debug|Any CPU.ActiveCfg = Debug|Any CPU
		{070EC8D0-6CD4-4BAA-D863-CB01D55DC740}.Debug|Any CPU.Build.0 = Debug|Any CPU
		{070EC8D0-6CD4-4BAA-D863-CB01D55DC740}.Release|Any CPU.ActiveCfg = Release|Any CPU
		{070EC8D0-6CD4-4BAA-D863-CB01D55DC740}.Release|Any CPU.Build.0 = Release|Any CPU
		{8242737D-5BDC-45D1-B7E9-F87505C2D5AA}.Debug|Any CPU.ActiveCfg = Debug|Any CPU
		{8242737D-5BDC-45D1-B7E9-F87505C2D5AA}.Debug|Any CPU.Build.0 = Debug|Any CPU
		{8242737D-5BDC-45D1-B7E9-F87505C2D5AA}.Release|Any CPU.ActiveCfg = Release|Any CPU
		{8242737D-5BDC-45D1-B7E9-F87505C2D5AA}.Release|Any CPU.Build.0 = Release|Any CPU
		{1A0ACD2C-B723-EFB4-460D-56A46152AB28}.Debug|Any CPU.ActiveCfg = Debug|Any CPU
		{1A0ACD2C-B723-EFB4-460D-56A46152AB28}.Debug|Any CPU.Build.0 = Debug|Any CPU
		{1A0ACD2C-B723-EFB4-460D-56A46152AB28}.Release|Any CPU.ActiveCfg = Release|Any CPU
		{1A0ACD2C-B723-EFB4-460D-56A46152AB28}.Release|Any CPU.Build.0 = Release|Any CPU
		{FDF7A4FE-F653-3555-A530-EC1036D3CF18}.Debug|Any CPU.ActiveCfg = Debug|Any CPU
		{FDF7A4FE-F653-3555-A530-EC1036D3CF18}.Debug|Any CPU.Build.0 = Debug|Any CPU
		{FDF7A4FE-F653-3555-A530-EC1036D3CF18}.Release|Any CPU.ActiveCfg = Release|Any CPU
		{FDF7A4FE-F653-3555-A530-EC1036D3CF18}.Release|Any CPU.Build.0 = Release|Any CPU
		{1D5D13B0-7571-4CB1-B56D-B5CABC0FCF17}.Debug|Any CPU.ActiveCfg = Debug|Any CPU
		{1D5D13B0-7571-4CB1-B56D-B5CABC0FCF17}.Debug|Any CPU.Build.0 = Debug|Any CPU
		{1D5D13B0-7571-4CB1-B56D-B5CABC0FCF17}.Release|Any CPU.ActiveCfg = Release|Any CPU
		{1D5D13B0-7571-4CB1-B56D-B5CABC0FCF17}.Release|Any CPU.Build.0 = Release|Any CPU
		{048DF8BB-B3B0-4DAE-81B7-67F6DDD1E787}.Debug|Any CPU.ActiveCfg = Debug|Any CPU
		{048DF8BB-B3B0-4DAE-81B7-67F6DDD1E787}.Debug|Any CPU.Build.0 = Debug|Any CPU
		{048DF8BB-B3B0-4DAE-81B7-67F6DDD1E787}.Release|Any CPU.ActiveCfg = Release|Any CPU
		{048DF8BB-B3B0-4DAE-81B7-67F6DDD1E787}.Release|Any CPU.Build.0 = Release|Any CPU
		{F7EF3B40-7C46-4A58-B5DC-9E765C39DC00}.Debug|Any CPU.ActiveCfg = Debug|Any CPU
		{F7EF3B40-7C46-4A58-B5DC-9E765C39DC00}.Debug|Any CPU.Build.0 = Debug|Any CPU
		{F7EF3B40-7C46-4A58-B5DC-9E765C39DC00}.Release|Any CPU.ActiveCfg = Release|Any CPU
		{F7EF3B40-7C46-4A58-B5DC-9E765C39DC00}.Release|Any CPU.Build.0 = Release|Any CPU
	EndGlobalSection
	GlobalSection(SolutionProperties) = preSolution
		HideSolutionNode = FALSE
	EndGlobalSection
	GlobalSection(NestedProjects) = preSolution
		{1393FDF5-A5DC-5AA1-C60E-315F2670E85C} = {1BA9DB0A-8961-4AA1-BB81-F8C2820FCB52}
		{5E824E23-E226-4A0B-CC88-1B431D7E41AA} = {1BA9DB0A-8961-4AA1-BB81-F8C2820FCB52}
		{070EC8D0-6CD4-4BAA-D863-CB01D55DC740} = {699E6411-C1FC-49BC-8853-66CDCB0B863A}
		{8242737D-5BDC-45D1-B7E9-F87505C2D5AA} = {699E6411-C1FC-49BC-8853-66CDCB0B863A}
		{1A0ACD2C-B723-EFB4-460D-56A46152AB28} = {02EA681E-C7D8-13C7-8484-4AC65E1B71E8}
		{FDF7A4FE-F653-3555-A530-EC1036D3CF18} = {699E6411-C1FC-49BC-8853-66CDCB0B863A}
		{1D5D13B0-7571-4CB1-B56D-B5CABC0FCF17} = {1BA9DB0A-8961-4AA1-BB81-F8C2820FCB52}
		{048DF8BB-B3B0-4DAE-81B7-67F6DDD1E787} = {1BA9DB0A-8961-4AA1-BB81-F8C2820FCB52}
		{F7EF3B40-7C46-4A58-B5DC-9E765C39DC00} = {02EA681E-C7D8-13C7-8484-4AC65E1B71E8}
	EndGlobalSection
	GlobalSection(ExtensibilityGlobals) = postSolution
		SolutionGuid = {7FD07ECB-B4B5-4D65-8E03-10F0C97C77A9}
	EndGlobalSection
EndGlobal
